
Microsoft Visual Studio Solution File, Format Version 12.00
# Visual Studio Version 16
VisualStudioVersion = 16.0.31515.178
MinimumVisualStudioVersion = 10.0.40219.1
Project("{FAE04EC0-301F-11D3-BF4B-00C04F79EFBC}") = "ContactsDisplayApp", "ContactsDisplayApp.csproj", "{490F8FB5-C5F7-4075-9611-5DF886670DEF}"
EndProject
Project("{FAE04EC0-301F-11D3-BF4B-00C04F79EFBC}") = "ContactsLib", "..\ContactsUIApp\ContactsLib\ContactsLib.csproj", "{DBBE7EE3-78BD-464B-9EE5-E5B74BAA3116}"
EndProject
Global
	GlobalSection(SolutionConfigurationPlatforms) = preSolution
		Debug|Any CPU = Debug|Any CPU
		Release|Any CPU = Release|Any CPU
	EndGlobalSection
	GlobalSection(ProjectConfigurationPlatforms) = postSolution
		{490F8FB5-C5F7-4075-9611-5DF886670DEF}.Debug|Any CPU.ActiveCfg = Debug|Any CPU
		{490F8FB5-C5F7-4075-9611-5DF886670DEF}.Debug|Any CPU.Build.0 = Debug|Any CPU
		{490F8FB5-C5F7-4075-9611-5DF886670DEF}.Release|Any CPU.ActiveCfg = Release|Any CPU
		{490F8FB5-C5F7-4075-9611-5DF886670DEF}.Release|Any CPU.Build.0 = Release|Any CPU
		{DBBE7EE3-78BD-464B-9EE5-E5B74BAA3116}.Debug|Any CPU.ActiveCfg = Debug|Any CPU
		{DBBE7EE3-78BD-464B-9EE5-E5B74BAA3116}.Debug|Any CPU.Build.0 = Debug|Any CPU
		{DBBE7EE3-78BD-464B-9EE5-E5B74BAA3116}.Release|Any CPU.ActiveCfg = Release|Any CPU
		{DBBE7EE3-78BD-464B-9EE5-E5B74BAA3116}.Release|Any CPU.Build.0 = Release|Any CPU
	EndGlobalSection
	GlobalSection(SolutionProperties) = preSolution
		HideSolutionNode = FALSE
	EndGlobalSection
	GlobalSection(ExtensibilityGlobals) = postSolution
		SolutionGuid = {E0A9B16E-A063-4F64-B470-1BAB22666AA5}
	EndGlobalSection
EndGlobal
